
Microsoft Visual Studio Solution File, Format Version 12.00
# Visual Studio 15
VisualStudioVersion = 15.0.28307.1145
MinimumVisualStudioVersion = 10.0.40219.1
Project("{8BC9CEB8-8B4A-11D0-8D11-00A0C91BC942}") = "class_2", "class_2\class_2.vcxproj", "{3ED328CF-02C9-41B3-8224-F37F89A497DC}"
EndProject
Global
	GlobalSection(SolutionConfigurationPlatforms) = preSolution
		Debug|x64 = Debug|x64
		Debug|x86 = Debug|x86
		Release|x64 = Release|x64
		Release|x86 = Release|x86
	EndGlobalSection
	GlobalSection(ProjectConfigurationPlatforms) = postSolution
		{3ED328CF-02C9-41B3-8224-F37F89A497DC}.Debug|x64.ActiveCfg = Debug|x64
		{3ED328CF-02C9-41B3-8224-F37F89A497DC}.Debug|x64.Build.0 = Debug|x64
		{3ED328CF-02C9-41B3-8224-F37F89A497DC}.Debug|x86.ActiveCfg = Debug|Win32
		{3ED328CF-02C9-41B3-8224-F37F89A497DC}.Debug|x86.Build.0 = Debug|Win32
		{3ED328CF-02C9-41B3-8224-F37F89A497DC}.Release|x64.ActiveCfg = Release|x64
		{3ED328CF-02C9-41B3-8224-F37F89A497DC}.Release|x64.Build.0 = Release|x64
		{3ED328CF-02C9-41B3-8224-F37F89A497DC}.Release|x86.ActiveCfg = Release|Win32
		{3ED328CF-02C9-41B3-8224-F37F89A497DC}.Release|x86.Build.0 = Release|Win32
	EndGlobalSection
	GlobalSection(SolutionProperties) = preSolution
		HideSolutionNode = FALSE
	EndGlobalSection
	GlobalSection(ExtensibilityGlobals) = postSolution
		SolutionGuid = {87DFD2B5-3635-4255-846A-4364348BF502}
	EndGlobalSection
EndGlobal
